
Microsoft Visual Studio Solution File, Format Version 12.00
Project("{FAE04EC0-301F-11D3-BF4B-00C04F79EFBC}") = "TestCosmosDocker", "TestCosmosDocker\TestCosmosDocker.csproj", "{980AFB36-FF8B-492F-A40D-8F7E0B517C3C}"
EndProject
Global
	GlobalSection(SolutionConfigurationPlatforms) = preSolution
		Debug|Any CPU = Debug|Any CPU
		Release|Any CPU = Release|Any CPU
	EndGlobalSection
	GlobalSection(ProjectConfigurationPlatforms) = postSolution
		{980AFB36-FF8B-492F-A40D-8F7E0B517C3C}.Debug|Any CPU.ActiveCfg = Debug|Any CPU
		{980AFB36-FF8B-492F-A40D-8F7E0B517C3C}.Debug|Any CPU.Build.0 = Debug|Any CPU
		{980AFB36-FF8B-492F-A40D-8F7E0B517C3C}.Release|Any CPU.ActiveCfg = Release|Any CPU
		{980AFB36-FF8B-492F-A40D-8F7E0B517C3C}.Release|Any CPU.Build.0 = Release|Any CPU
	EndGlobalSection
EndGlobal
